
Microsoft Visual Studio Solution File, Format Version 12.00
# Visual Studio Version 17
VisualStudioVersion = 17.10.35122.118
MinimumVisualStudioVersion = 10.0.40219.1
Project("{FAE04EC0-301F-11D3-BF4B-00C04F79EFBC}") = "AI_Projem", "AI_Projem\AI_Projem.csproj", "{C39DD68F-C611-4591-A1E5-6A19F7D38751}"
EndProject
Global
	GlobalSection(SolutionConfigurationPlatforms) = preSolution
		Debug|Any CPU = Debug|Any CPU
		Release|Any CPU = Release|Any CPU
	EndGlobalSection
	GlobalSection(ProjectConfigurationPlatforms) = postSolution
		{C39DD68F-C611-4591-A1E5-6A19F7D38751}.Debug|Any CPU.ActiveCfg = Debug|Any CPU
		{C39DD68F-C611-4591-A1E5-6A19F7D38751}.Debug|Any CPU.Build.0 = Debug|Any CPU
		{C39DD68F-C611-4591-A1E5-6A19F7D38751}.Release|Any CPU.ActiveCfg = Release|Any CPU
		{C39DD68F-C611-4591-A1E5-6A19F7D38751}.Release|Any CPU.Build.0 = Release|Any CPU
	EndGlobalSection
	GlobalSection(SolutionProperties) = preSolution
		HideSolutionNode = FALSE
	EndGlobalSection
	GlobalSection(ExtensibilityGlobals) = postSolution
		SolutionGuid = {37BABE11-51D2-464B-920F-397E213D552D}
	EndGlobalSection
EndGlobal
